// !$*UTF8*$!
{
	archiveVersion = 1;
	classes = {
	};
	objectVersion = 46;
	objects = {

/* Begin PBXBuildFile section */
		0327CD4D1A1A00160056EF22 /* Foundation.framework in Frameworks */ = {isa = PBXBuildFile; fileRef = 0327CD4C1A1A00160056EF22 /* Foundation.framework */; };
		0327CD4F1A1A00160056EF22 /* CoreGraphics.framework in Frameworks */ = {isa = PBXBuildFile; fileRef = 0327CD4E1A1A00160056EF22 /* CoreGraphics.framework */; };
		0327CD511A1A00160056EF22 /* UIKit.framework in Frameworks */ = {isa = PBXBuildFile; fileRef = 0327CD501A1A00160056EF22 /* UIKit.framework */; };
		0327CD571A1A00160056EF22 /* InfoPlist.strings in Resources */ = {isa = PBXBuildFile; fileRef = 0327CD551A1A00160056EF22 /* InfoPlist.strings */; };
		0327CD591A1A00160056EF22 /* main.m in Sources */ = {isa = PBXBuildFile; fileRef = 0327CD581A1A00160056EF22 /* main.m */; };
		0327CD5D1A1A00160056EF22 /* AppDelegate.m in Sources */ = {isa = PBXBuildFile; fileRef = 0327CD5C1A1A00160056EF22 /* AppDelegate.m */; };
		0327CD601A1A00160056EF22 /* Main.storyboard in Resources */ = {isa = PBXBuildFile; fileRef = 0327CD5E1A1A00160056EF22 /* Main.storyboard */; };
		0327CD631A1A00160056EF22 /* ViewController.m in Sources */ = {isa = PBXBuildFile; fileRef = 0327CD621A1A00160056EF22 /* ViewController.m */; };
		0327CD651A1A00160056EF22 /* Images.xcassets in Resources */ = {isa = PBXBuildFile; fileRef = 0327CD641A1A00160056EF22 /* Images.xcassets */; };
		0327CD6C1A1A00160056EF22 /* XCTest.framework in Frameworks */ = {isa = PBXBuildFile; fileRef = 0327CD6B1A1A00160056EF22 /* XCTest.framework */; };
		0327CD6D1A1A00160056EF22 /* Foundation.framework in Frameworks */ = {isa = PBXBuildFile; fileRef = 0327CD4C1A1A00160056EF22 /* Foundation.framework */; };
		0327CD6E1A1A00160056EF22 /* UIKit.framework in Frameworks */ = {isa = PBXBuildFile; fileRef = 0327CD501A1A00160056EF22 /* UIKit.framework */; };
		0327CD761A1A00160056EF22 /* InfoPlist.strings in Resources */ = {isa = PBXBuildFile; fileRef = 0327CD741A1A00160056EF22 /* InfoPlist.strings */; };
		0327CD781A1A00170056EF22 /* W_HotelsTests.m in Sources */ = {isa = PBXBuildFile; fileRef = 0327CD771A1A00160056EF22 /* W_HotelsTests.m */; };
		0327CD841A1A00410056EF22 /* W-Center-logo.png in Resources */ = {isa = PBXBuildFile; fileRef = 0327CD821A1A00410056EF22 /* W-Center-logo.png */; };
		0327CD851A1A00410056EF22 /* WSplashScreenPicture.jpg in Resources */ = {isa = PBXBuildFile; fileRef = 0327CD831A1A00410056EF22 /* WSplashScreenPicture.jpg */; };
		0376A9091A2438DC00605EC4 /* ProfileViewController.m in Sources */ = {isa = PBXBuildFile; fileRef = 0376A9081A2438DC00605EC4 /* ProfileViewController.m */; };
		0376A90C1A243EDD00605EC4 /* Confimation-button.png in Resources */ = {isa = PBXBuildFile; fileRef = 0376A90B1A243EDD00605EC4 /* Confimation-button.png */; };
		0376A90E1A24423D00605EC4 /* Blank-Text-box.png in Resources */ = {isa = PBXBuildFile; fileRef = 0376A90D1A24423D00605EC4 /* Blank-Text-box.png */; };
		0376A9111A2468E300605EC4 /* DrinksPicture.jpg in Resources */ = {isa = PBXBuildFile; fileRef = 0376A9101A2468E300605EC4 /* DrinksPicture.jpg */; };
		0376A9131A246CFC00605EC4 /* Drinks.png in Resources */ = {isa = PBXBuildFile; fileRef = 0376A9121A246CFC00605EC4 /* Drinks.png */; };
		0376A9151A246EBE00605EC4 /* Line-Space.png in Resources */ = {isa = PBXBuildFile; fileRef = 0376A9141A246EBE00605EC4 /* Line-Space.png */; };
		0376A9171A246F5800605EC4 /* Profile button.png in Resources */ = {isa = PBXBuildFile; fileRef = 0376A9161A246F5800605EC4 /* Profile button.png */; };
		0376A91A1A24782700605EC4 /* DrinksText_DayoftheDead_Condensed.png in Resources */ = {isa = PBXBuildFile; fileRef = 0376A9181A24782700605EC4 /* DrinksText_DayoftheDead_Condensed.png */; };
		0376A91B1A24782700605EC4 /* DrinksText_LivingRoomBar_Condensed.png in Resources */ = {isa = PBXBuildFile; fileRef = 0376A9191A24782700605EC4 /* DrinksText_LivingRoomBar_Condensed.png */; };
		0376A91D1A2478A100605EC4 /* Rewards-button.png in Resources */ = {isa = PBXBuildFile; fileRef = 0376A91C1A2478A100605EC4 /* Rewards-button.png */; };
		0376A91F1A2478B100605EC4 /* Arrow-up-button.png in Resources */ = {isa = PBXBuildFile; fileRef = 0376A91E1A2478B100605EC4 /* Arrow-up-button.png */; };
		0376A9221A24795F00605EC4 /* Arrow-down-button.png in Resources */ = {isa = PBXBuildFile; fileRef = 0376A9211A24795F00605EC4 /* Arrow-down-button.png */; };
		172CD8D81A22E5C600D18A25 /* DineController.m in Sources */ = {isa = PBXBuildFile; fileRef = 172CD8D71A22E5C600D18A25 /* DineController.m */; };
		172CD8DB1A22E64E00D18A25 /* DinePicture.jpg in Resources */ = {isa = PBXBuildFile; fileRef = 172CD8DA1A22E64E00D18A25 /* DinePicture.jpg */; };
		172CD8DE1A22E9D700D18A25 /* WWController.m in Sources */ = {isa = PBXBuildFile; fileRef = 172CD8DD1A22E9D700D18A25 /* WWController.m */; };
		172CD8E11A22EA9900D18A25 /* WhateverWheneverPicture.jpg in Resources */ = {isa = PBXBuildFile; fileRef = 172CD8E01A22EA9900D18A25 /* WhateverWheneverPicture.jpg */; };
		172CD8E31A22EAD500D18A25 /* Background-transparent.png in Resources */ = {isa = PBXBuildFile; fileRef = 172CD8E21A22EAD500D18A25 /* Background-transparent.png */; };
		172CD8E61A22EB6300D18A25 /* What-Whenever.png in Resources */ = {isa = PBXBuildFile; fileRef = 172CD8E51A22EB6300D18A25 /* What-Whenever.png */; };
		172CD8E81A22EBD800D18A25 /* Small-W.png in Resources */ = {isa = PBXBuildFile; fileRef = 172CD8E71A22EBD800D18A25 /* Small-W.png */; };
		172CD8EA1A22EC5500D18A25 /* WhateverWheneverText.png in Resources */ = {isa = PBXBuildFile; fileRef = 172CD8E91A22EC5500D18A25 /* WhateverWheneverText.png */; };
		172CD8EC1A22ECB000D18A25 /* Call-W-W-button.png in Resources */ = {isa = PBXBuildFile; fileRef = 172CD8EB1A22ECB000D18A25 /* Call-W-W-button.png */; };
		172CD8EE1A22F69100D18A25 /* Dine.png in Resources */ = {isa = PBXBuildFile; fileRef = 172CD8ED1A22F69100D18A25 /* Dine.png */; };
		581CE03A1A1EDEF300BB6162 /* W-W-green.png in Resources */ = {isa = PBXBuildFile; fileRef = 581CE0351A1EDEF300BB6162 /* W-W-green.png */; };
		581CE03F1A1EE19C00BB6162 /* Dine-green.png in Resources */ = {isa = PBXBuildFile; fileRef = 581CE03E1A1EE19C00BB6162 /* Dine-green.png */; };
		581CE0451A1EE5F000BB6162 /* Induldge-green.png in Resources */ = {isa = PBXBuildFile; fileRef = 581CE0441A1EE5F000BB6162 /* Induldge-green.png */; };
		581CE0491A1EE99D00BB6162 /* Drinks-green.png in Resources */ = {isa = PBXBuildFile; fileRef = 581CE0481A1EE99D00BB6162 /* Drinks-green.png */; };
		581CE04D1A1EEB6E00BB6162 /* Go-green.png in Resources */ = {isa = PBXBuildFile; fileRef = 581CE04C1A1EEB6E00BB6162 /* Go-green.png */; };
		588172B51A1AD57A00E865E5 /* TabViewController.m in Sources */ = {isa = PBXBuildFile; fileRef = 588172B41A1AD57A00E865E5 /* TabViewController.m */; };
		588172B81A1ADAC300E865E5 /* DrinkController.m in Sources */ = {isa = PBXBuildFile; fileRef = 588172B71A1ADAC300E865E5 /* DrinkController.m */; };
		588172C11A1AE04600E865E5 /* Drinks-white.png in Resources */ = {isa = PBXBuildFile; fileRef = 588172BC1A1AE04600E865E5 /* Drinks-white.png */; };
		588172C21A1AE04600E865E5 /* Go-white.png in Resources */ = {isa = PBXBuildFile; fileRef = 588172BD1A1AE04600E865E5 /* Go-white.png */; };
		588172C31A1AE04600E865E5 /* Induldge-white.png in Resources */ = {isa = PBXBuildFile; fileRef = 588172BE1A1AE04600E865E5 /* Induldge-white.png */; };
		588172C41A1AE04600E865E5 /* W-W-white.png in Resources */ = {isa = PBXBuildFile; fileRef = 588172BF1A1AE04600E865E5 /* W-W-white.png */; };
		588172C71A1AE11000E865E5 /* Dine-white.png in Resources */ = {isa = PBXBuildFile; fileRef = 588172C61A1AE11000E865E5 /* Dine-white.png */; };
/* End PBXBuildFile section */

/* Begin PBXContainerItemProxy section */
		0327CD6F1A1A00160056EF22 /* PBXContainerItemProxy */ = {
			isa = PBXContainerItemProxy;
			containerPortal = 0327CD411A1A00160056EF22 /* Project object */;
			proxyType = 1;
			remoteGlobalIDString = 0327CD481A1A00160056EF22;
			remoteInfo = "W-Hotels";
		};
/* End PBXContainerItemProxy section */

/* Begin PBXFileReference section */
		0327CD491A1A00160056EF22 /* W-Hotels.app */ = {isa = PBXFileReference; explicitFileType = wrapper.application; includeInIndex = 0; path = "W-Hotels.app"; sourceTree = BUILT_PRODUCTS_DIR; };
		0327CD4C1A1A00160056EF22 /* Foundation.framework */ = {isa = PBXFileReference; lastKnownFileType = wrapper.framework; name = Foundation.framework; path = System/Library/Frameworks/Foundation.framework; sourceTree = SDKROOT; };
		0327CD4E1A1A00160056EF22 /* CoreGraphics.framework */ = {isa = PBXFileReference; lastKnownFileType = wrapper.framework; name = CoreGraphics.framework; path = System/Library/Frameworks/CoreGraphics.framework; sourceTree = SDKROOT; };
		0327CD501A1A00160056EF22 /* UIKit.framework */ = {isa = PBXFileReference; lastKnownFileType = wrapper.framework; name = UIKit.framework; path = System/Library/Frameworks/UIKit.framework; sourceTree = SDKROOT; };
		0327CD541A1A00160056EF22 /* W-Hotels-Info.plist */ = {isa = PBXFileReference; lastKnownFileType = text.plist.xml; path = "W-Hotels-Info.plist"; sourceTree = "<group>"; };
		0327CD561A1A00160056EF22 /* en */ = {isa = PBXFileReference; lastKnownFileType = text.plist.strings; name = en; path = en.lproj/InfoPlist.strings; sourceTree = "<group>"; };
		0327CD581A1A00160056EF22 /* main.m */ = {isa = PBXFileReference; lastKnownFileType = sourcecode.c.objc; path = main.m; sourceTree = "<group>"; };
		0327CD5A1A1A00160056EF22 /* W-Hotels-Prefix.pch */ = {isa = PBXFileReference; lastKnownFileType = sourcecode.c.h; path = "W-Hotels-Prefix.pch"; sourceTree = "<group>"; };
		0327CD5B1A1A00160056EF22 /* AppDelegate.h */ = {isa = PBXFileReference; lastKnownFileType = sourcecode.c.h; path = AppDelegate.h; sourceTree = "<group>"; };
		0327CD5C1A1A00160056EF22 /* AppDelegate.m */ = {isa = PBXFileReference; lastKnownFileType = sourcecode.c.objc; path = AppDelegate.m; sourceTree = "<group>"; };
		0327CD5F1A1A00160056EF22 /* Base */ = {isa = PBXFileReference; lastKnownFileType = file.storyboard; name = Base; path = Base.lproj/Main.storyboard; sourceTree = "<group>"; };
		0327CD611A1A00160056EF22 /* ViewController.h */ = {isa = PBXFileReference; lastKnownFileType = sourcecode.c.h; path = ViewController.h; sourceTree = "<group>"; };
		0327CD621A1A00160056EF22 /* ViewController.m */ = {isa = PBXFileReference; lastKnownFileType = sourcecode.c.objc; path = ViewController.m; sourceTree = "<group>"; };
		0327CD641A1A00160056EF22 /* Images.xcassets */ = {isa = PBXFileReference; lastKnownFileType = folder.assetcatalog; path = Images.xcassets; sourceTree = "<group>"; };
		0327CD6A1A1A00160056EF22 /* W-HotelsTests.xctest */ = {isa = PBXFileReference; explicitFileType = wrapper.cfbundle; includeInIndex = 0; path = "W-HotelsTests.xctest"; sourceTree = BUILT_PRODUCTS_DIR; };
		0327CD6B1A1A00160056EF22 /* XCTest.framework */ = {isa = PBXFileReference; lastKnownFileType = wrapper.framework; name = XCTest.framework; path = Library/Frameworks/XCTest.framework; sourceTree = DEVELOPER_DIR; };
		0327CD731A1A00160056EF22 /* W-HotelsTests-Info.plist */ = {isa = PBXFileReference; lastKnownFileType = text.plist.xml; path = "W-HotelsTests-Info.plist"; sourceTree = "<group>"; };
		0327CD751A1A00160056EF22 /* en */ = {isa = PBXFileReference; lastKnownFileType = text.plist.strings; name = en; path = en.lproj/InfoPlist.strings; sourceTree = "<group>"; };
		0327CD771A1A00160056EF22 /* W_HotelsTests.m */ = {isa = PBXFileReference; lastKnownFileType = sourcecode.c.objc; path = W_HotelsTests.m; sourceTree = "<group>"; };
		0327CD821A1A00410056EF22 /* W-Center-logo.png */ = {isa = PBXFileReference; lastKnownFileType = image.png; path = "W-Center-logo.png"; sourceTree = "<group>"; };
		0327CD831A1A00410056EF22 /* WSplashScreenPicture.jpg */ = {isa = PBXFileReference; lastKnownFileType = image.jpeg; path = WSplashScreenPicture.jpg; sourceTree = "<group>"; };
		0376A9071A2438DC00605EC4 /* ProfileViewController.h */ = {isa = PBXFileReference; fileEncoding = 4; lastKnownFileType = sourcecode.c.h; name = ProfileViewController.h; path = ../ProfileViewController.h; sourceTree = "<group>"; };
		0376A9081A2438DC00605EC4 /* ProfileViewController.m */ = {isa = PBXFileReference; fileEncoding = 4; lastKnownFileType = sourcecode.c.objc; name = ProfileViewController.m; path = ../ProfileViewController.m; sourceTree = "<group>"; };
		0376A90B1A243EDD00605EC4 /* Confimation-button.png */ = {isa = PBXFileReference; lastKnownFileType = image.png; path = "Confimation-button.png"; sourceTree = "<group>"; };
		0376A90D1A24423D00605EC4 /* Blank-Text-box.png */ = {isa = PBXFileReference; lastKnownFileType = image.png; path = "Blank-Text-box.png"; sourceTree = "<group>"; };
		0376A9101A2468E300605EC4 /* DrinksPicture.jpg */ = {isa = PBXFileReference; lastKnownFileType = image.jpeg; path = DrinksPicture.jpg; sourceTree = "<group>"; };
		0376A9121A246CFC00605EC4 /* Drinks.png */ = {isa = PBXFileReference; lastKnownFileType = image.png; path = Drinks.png; sourceTree = "<group>"; };
		0376A9141A246EBE00605EC4 /* Line-Space.png */ = {isa = PBXFileReference; lastKnownFileType = image.png; path = "Line-Space.png"; sourceTree = "<group>"; };
		0376A9161A246F5800605EC4 /* Profile button.png */ = {isa = PBXFileReference; lastKnownFileType = image.png; path = "Profile button.png"; sourceTree = "<group>"; };
		0376A9181A24782700605EC4 /* DrinksText_DayoftheDead_Condensed.png */ = {isa = PBXFileReference; lastKnownFileType = image.png; path = DrinksText_DayoftheDead_Condensed.png; sourceTree = "<group>"; };
		0376A9191A24782700605EC4 /* DrinksText_LivingRoomBar_Condensed.png */ = {isa = PBXFileReference; lastKnownFileType = image.png; path = DrinksText_LivingRoomBar_Condensed.png; sourceTree = "<group>"; };
		0376A91C1A2478A100605EC4 /* Rewards-button.png */ = {isa = PBXFileReference; lastKnownFileType = image.png; path = "Rewards-button.png"; sourceTree = "<group>"; };
		0376A91E1A2478B100605EC4 /* Arrow-up-button.png */ = {isa = PBXFileReference; lastKnownFileType = image.png; path = "Arrow-up-button.png"; sourceTree = "<group>"; };
		0376A9211A24795F00605EC4 /* Arrow-down-button.png */ = {isa = PBXFileReference; lastKnownFileType = image.png; path = "Arrow-down-button.png"; sourceTree = "<group>"; };
		172CD8D61A22E5C600D18A25 /* DineController.h */ = {isa = PBXFileReference; fileEncoding = 4; lastKnownFileType = sourcecode.c.h; path = DineController.h; sourceTree = "<group>"; };
		172CD8D71A22E5C600D18A25 /* DineController.m */ = {isa = PBXFileReference; fileEncoding = 4; lastKnownFileType = sourcecode.c.objc; path = DineController.m; sourceTree = "<group>"; };
		172CD8DA1A22E64E00D18A25 /* DinePicture.jpg */ = {isa = PBXFileReference; lastKnownFileType = image.jpeg; path = DinePicture.jpg; sourceTree = "<group>"; };
		172CD8DC1A22E9D700D18A25 /* WWController.h */ = {isa = PBXFileReference; fileEncoding = 4; lastKnownFileType = sourcecode.c.h; path = WWController.h; sourceTree = "<group>"; };
		172CD8DD1A22E9D700D18A25 /* WWController.m */ = {isa = PBXFileReference; fileEncoding = 4; lastKnownFileType = sourcecode.c.objc; path = WWController.m; sourceTree = "<group>"; };
		172CD8E01A22EA9900D18A25 /* WhateverWheneverPicture.jpg */ = {isa = PBXFileReference; lastKnownFileType = image.jpeg; path = WhateverWheneverPicture.jpg; sourceTree = "<group>"; };
		172CD8E21A22EAD500D18A25 /* Background-transparent.png */ = {isa = PBXFileReference; lastKnownFileType = image.png; path = "Background-transparent.png"; sourceTree = "<group>"; };
		172CD8E51A22EB6300D18A25 /* What-Whenever.png */ = {isa = PBXFileReference; lastKnownFileType = image.png; path = "What-Whenever.png"; sourceTree = "<group>"; };
		172CD8E71A22EBD800D18A25 /* Small-W.png */ = {isa = PBXFileReference; lastKnownFileType = image.png; path = "Small-W.png"; sourceTree = "<group>"; };
		172CD8E91A22EC5500D18A25 /* WhateverWheneverText.png */ = {isa = PBXFileReference; lastKnownFileType = image.png; path = WhateverWheneverText.png; sourceTree = "<group>"; };
		172CD8EB1A22ECB000D18A25 /* Call-W-W-button.png */ = {isa = PBXFileReference; lastKnownFileType = image.png; path = "Call-W-W-button.png"; sourceTree = "<group>"; };
		172CD8ED1A22F69100D18A25 /* Dine.png */ = {isa = PBXFileReference; lastKnownFileType = image.png; path = Dine.png; sourceTree = "<group>"; };
		581CE0351A1EDEF300BB6162 /* W-W-green.png */ = {isa = PBXFileReference; lastKnownFileType = image.png; path = "W-W-green.png"; sourceTree = "<group>"; };
		581CE03E1A1EE19C00BB6162 /* Dine-green.png */ = {isa = PBXFileReference; lastKnownFileType = image.png; path = "Dine-green.png"; sourceTree = "<group>"; };
		581CE0441A1EE5F000BB6162 /* Induldge-green.png */ = {isa = PBXFileReference; lastKnownFileType = image.png; path = "Induldge-green.png"; sourceTree = "<group>"; };
		581CE0481A1EE99D00BB6162 /* Drinks-green.png */ = {isa = PBXFileReference; lastKnownFileType = image.png; path = "Drinks-green.png"; sourceTree = "<group>"; };
		581CE04C1A1EEB6E00BB6162 /* Go-green.png */ = {isa = PBXFileReference; lastKnownFileType = image.png; path = "Go-green.png"; sourceTree = "<group>"; };
		588172B31A1AD57A00E865E5 /* TabViewController.h */ = {isa = PBXFileReference; fileEncoding = 4; lastKnownFileType = sourcecode.c.h; path = TabViewController.h; sourceTree = "<group>"; };
		588172B41A1AD57A00E865E5 /* TabViewController.m */ = {isa = PBXFileReference; fileEncoding = 4; lastKnownFileType = sourcecode.c.objc; path = TabViewController.m; sourceTree = "<group>"; };
		588172B61A1ADAC300E865E5 /* DrinkController.h */ = {isa = PBXFileReference; fileEncoding = 4; lastKnownFileType = sourcecode.c.h; path = DrinkController.h; sourceTree = "<group>"; };
		588172B71A1ADAC300E865E5 /* DrinkController.m */ = {isa = PBXFileReference; fileEncoding = 4; lastKnownFileType = sourcecode.c.objc; path = DrinkController.m; sourceTree = "<group>"; };
		588172BC1A1AE04600E865E5 /* Drinks-white.png */ = {isa = PBXFileReference; lastKnownFileType = image.png; path = "Drinks-white.png"; sourceTree = "<group>"; };
		588172BD1A1AE04600E865E5 /* Go-white.png */ = {isa = PBXFileReference; lastKnownFileType = image.png; path = "Go-white.png"; sourceTree = "<group>"; };
		588172BE1A1AE04600E865E5 /* Induldge-white.png */ = {isa = PBXFileReference; lastKnownFileType = image.png; path = "Induldge-white.png"; sourceTree = "<group>"; };
		588172BF1A1AE04600E865E5 /* W-W-white.png */ = {isa = PBXFileReference; lastKnownFileType = image.png; path = "W-W-white.png"; sourceTree = "<group>"; };
		588172C61A1AE11000E865E5 /* Dine-white.png */ = {isa = PBXFileReference; lastKnownFileType = image.png; path = "Dine-white.png"; sourceTree = "<group>"; };
/* End PBXFileReference section */

/* Begin PBXFrameworksBuildPhase section */
		0327CD461A1A00160056EF22 /* Frameworks */ = {
			isa = PBXFrameworksBuildPhase;
			buildActionMask = 2147483647;
			files = (
				0327CD4F1A1A00160056EF22 /* CoreGraphics.framework in Frameworks */,
				0327CD511A1A00160056EF22 /* UIKit.framework in Frameworks */,
				0327CD4D1A1A00160056EF22 /* Foundation.framework in Frameworks */,
			);
			runOnlyForDeploymentPostprocessing = 0;
		};
		0327CD671A1A00160056EF22 /* Frameworks */ = {
			isa = PBXFrameworksBuildPhase;
			buildActionMask = 2147483647;
			files = (
				0327CD6C1A1A00160056EF22 /* XCTest.framework in Frameworks */,
				0327CD6E1A1A00160056EF22 /* UIKit.framework in Frameworks */,
				0327CD6D1A1A00160056EF22 /* Foundation.framework in Frameworks */,
			);
			runOnlyForDeploymentPostprocessing = 0;
		};
/* End PBXFrameworksBuildPhase section */

/* Begin PBXGroup section */
		0327CD401A1A00160056EF22 = {
			isa = PBXGroup;
			children = (
				0327CD521A1A00160056EF22 /* W-Hotels */,
				0327CD711A1A00160056EF22 /* W-HotelsTests */,
				0327CD4B1A1A00160056EF22 /* Frameworks */,
				0327CD4A1A1A00160056EF22 /* Products */,
			);
			sourceTree = "<group>";
		};
		0327CD4A1A1A00160056EF22 /* Products */ = {
			isa = PBXGroup;
			children = (
				0327CD491A1A00160056EF22 /* W-Hotels.app */,
				0327CD6A1A1A00160056EF22 /* W-HotelsTests.xctest */,
			);
			name = Products;
			sourceTree = "<group>";
		};
		0327CD4B1A1A00160056EF22 /* Frameworks */ = {
			isa = PBXGroup;
			children = (
				0327CD4C1A1A00160056EF22 /* Foundation.framework */,
				0327CD4E1A1A00160056EF22 /* CoreGraphics.framework */,
				0327CD501A1A00160056EF22 /* UIKit.framework */,
				0327CD6B1A1A00160056EF22 /* XCTest.framework */,
			);
			name = Frameworks;
			sourceTree = "<group>";
		};
		0327CD521A1A00160056EF22 /* W-Hotels */ = {
			isa = PBXGroup;
			children = (
				0327CD5B1A1A00160056EF22 /* AppDelegate.h */,
				0327CD5C1A1A00160056EF22 /* AppDelegate.m */,
				0327CD5E1A1A00160056EF22 /* Main.storyboard */,
				172CD8D61A22E5C600D18A25 /* DineController.h */,
				172CD8D71A22E5C600D18A25 /* DineController.m */,
				172CD8DC1A22E9D700D18A25 /* WWController.h */,
				172CD8DD1A22E9D700D18A25 /* WWController.m */,
				588172B61A1ADAC300E865E5 /* DrinkController.h */,
				588172B71A1ADAC300E865E5 /* DrinkController.m */,
				588172B31A1AD57A00E865E5 /* TabViewController.h */,
				588172B41A1AD57A00E865E5 /* TabViewController.m */,
				0376A9071A2438DC00605EC4 /* ProfileViewController.h */,
				0376A9081A2438DC00605EC4 /* ProfileViewController.m */,
				0327CD611A1A00160056EF22 /* ViewController.h */,
				0327CD621A1A00160056EF22 /* ViewController.m */,
				0327CD641A1A00160056EF22 /* Images.xcassets */,
				588172B91A1ADF6E00E865E5 /* Images */,
				0327CD531A1A00160056EF22 /* Supporting Files */,
			);
			path = "W-Hotels";
			sourceTree = "<group>";
		};
		0327CD531A1A00160056EF22 /* Supporting Files */ = {
			isa = PBXGroup;
			children = (
				0327CD541A1A00160056EF22 /* W-Hotels-Info.plist */,
				0327CD551A1A00160056EF22 /* InfoPlist.strings */,
				0327CD581A1A00160056EF22 /* main.m */,
				0327CD5A1A1A00160056EF22 /* W-Hotels-Prefix.pch */,
			);
			name = "Supporting Files";
			sourceTree = "<group>";
		};
		0327CD711A1A00160056EF22 /* W-HotelsTests */ = {
			isa = PBXGroup;
			children = (
				0327CD771A1A00160056EF22 /* W_HotelsTests.m */,
				0327CD721A1A00160056EF22 /* Supporting Files */,
			);
			path = "W-HotelsTests";
			sourceTree = "<group>";
		};
		0327CD721A1A00160056EF22 /* Supporting Files */ = {
			isa = PBXGroup;
			children = (
				0327CD731A1A00160056EF22 /* W-HotelsTests-Info.plist */,
				0327CD741A1A00160056EF22 /* InfoPlist.strings */,
			);
			name = "Supporting Files";
			sourceTree = "<group>";
		};
		0327CD811A1A00240056EF22 /* SplashScreen */ = {
			isa = PBXGroup;
			children = (
				0327CD821A1A00410056EF22 /* W-Center-logo.png */,
				0327CD831A1A00410056EF22 /* WSplashScreenPicture.jpg */,
			);
			name = SplashScreen;
			sourceTree = "<group>";
		};
		0376A90A1A243EBF00605EC4 /* Profile */ = {
			isa = PBXGroup;
			children = (
				0376A90D1A24423D00605EC4 /* Blank-Text-box.png */,
				0376A90B1A243EDD00605EC4 /* Confimation-button.png */,
			);
			name = Profile;
			sourceTree = "<group>";
		};
		0376A90F1A2468D600605EC4 /* Drink */ = {
			isa = PBXGroup;
			children = (
				0376A9181A24782700605EC4 /* DrinksText_DayoftheDead_Condensed.png */,
				0376A9191A24782700605EC4 /* DrinksText_LivingRoomBar_Condensed.png */,
				0376A91E1A2478B100605EC4 /* Arrow-up-button.png */,
				0376A9141A246EBE00605EC4 /* Line-Space.png */,
				0376A9211A24795F00605EC4 /* Arrow-down-button.png */,
				0376A9121A246CFC00605EC4 /* Drinks.png */,
				0376A91C1A2478A100605EC4 /* Rewards-button.png */,
				0376A9161A246F5800605EC4 /* Profile button.png */,
				0376A9101A2468E300605EC4 /* DrinksPicture.jpg */,
			);
			name = Drink;
			sourceTree = "<group>";
		};
		172CD8D91A22E64200D18A25 /* Dine */ = {
			isa = PBXGroup;
			children = (
				172CD8ED1A22F69100D18A25 /* Dine.png */,
				172CD8DA1A22E64E00D18A25 /* DinePicture.jpg */,
			);
			name = Dine;
			sourceTree = "<group>";
		};
		172CD8DF1A22EA8C00D18A25 /* Whatever_Whenever */ = {
			isa = PBXGroup;
			children = (
				172CD8EB1A22ECB000D18A25 /* Call-W-W-button.png */,
				172CD8E91A22EC5500D18A25 /* WhateverWheneverText.png */,
				172CD8E41A22EB5A00D18A25 /* icons */,
				172CD8E21A22EAD500D18A25 /* Background-transparent.png */,
				172CD8E01A22EA9900D18A25 /* WhateverWheneverPicture.jpg */,
			);
			name = Whatever_Whenever;
			sourceTree = "<group>";
		};
		172CD8E41A22EB5A00D18A25 /* icons */ = {
			isa = PBXGroup;
			children = (
				172CD8E71A22EBD800D18A25 /* Small-W.png */,
				172CD8E51A22EB6300D18A25 /* What-Whenever.png */,
			);
			name = icons;
			sourceTree = "<group>";
		};
		588172B91A1ADF6E00E865E5 /* Images */ = {
			isa = PBXGroup;
			children = (
				0376A90F1A2468D600605EC4 /* Drink */,
				0376A90A1A243EBF00605EC4 /* Profile */,
				0327CD811A1A00240056EF22 /* SplashScreen */,
				172CD8DF1A22EA8C00D18A25 /* Whatever_Whenever */,
				172CD8D91A22E64200D18A25 /* Dine */,
				588172BA1A1ADF8300E865E5 /* TabHolderImages */,
			);
			name = Images;
			sourceTree = "<group>";
		};
		588172BA1A1ADF8300E865E5 /* TabHolderImages */ = {
			isa = PBXGroup;
			children = (
				588172C81A1AE11C00E865E5 /* Green */,
				588172C51A1AE06800E865E5 /* White */,
			);
			name = TabHolderImages;
			sourceTree = "<group>";
		};
		588172C51A1AE06800E865E5 /* White */ = {
			isa = PBXGroup;
			children = (
				588172C61A1AE11000E865E5 /* Dine-white.png */,
				588172BC1A1AE04600E865E5 /* Drinks-white.png */,
				588172BD1A1AE04600E865E5 /* Go-white.png */,
				588172BE1A1AE04600E865E5 /* Induldge-white.png */,
				588172BF1A1AE04600E865E5 /* W-W-white.png */,
			);
			name = White;
			sourceTree = "<group>";
		};
		588172C81A1AE11C00E865E5 /* Green */ = {
			isa = PBXGroup;
			children = (
				581CE0481A1EE99D00BB6162 /* Drinks-green.png */,
				581CE0441A1EE5F000BB6162 /* Induldge-green.png */,
				581CE03E1A1EE19C00BB6162 /* Dine-green.png */,
				581CE04C1A1EEB6E00BB6162 /* Go-green.png */,
				581CE0351A1EDEF300BB6162 /* W-W-green.png */,
			);
			name = Green;
			sourceTree = "<group>";
		};
/* End PBXGroup section */

/* Begin PBXNativeTarget section */
		0327CD481A1A00160056EF22 /* W-Hotels */ = {
			isa = PBXNativeTarget;
			buildConfigurationList = 0327CD7B1A1A00170056EF22 /* Build configuration list for PBXNativeTarget "W-Hotels" */;
			buildPhases = (
				0327CD451A1A00160056EF22 /* Sources */,
				0327CD461A1A00160056EF22 /* Frameworks */,
				0327CD471A1A00160056EF22 /* Resources */,
			);
			buildRules = (
			);
			dependencies = (
			);
			name = "W-Hotels";
			productName = "W-Hotels";
			productReference = 0327CD491A1A00160056EF22 /* W-Hotels.app */;
			productType = "com.apple.product-type.application";
		};
		0327CD691A1A00160056EF22 /* W-HotelsTests */ = {
			isa = PBXNativeTarget;
			buildConfigurationList = 0327CD7E1A1A00170056EF22 /* Build configuration list for PBXNativeTarget "W-HotelsTests" */;
			buildPhases = (
				0327CD661A1A00160056EF22 /* Sources */,
				0327CD671A1A00160056EF22 /* Frameworks */,
				0327CD681A1A00160056EF22 /* Resources */,
			);
			buildRules = (
			);
			dependencies = (
				0327CD701A1A00160056EF22 /* PBXTargetDependency */,
			);
			name = "W-HotelsTests";
			productName = "W-HotelsTests";
			productReference = 0327CD6A1A1A00160056EF22 /* W-HotelsTests.xctest */;
			productType = "com.apple.product-type.bundle.unit-test";
		};
/* End PBXNativeTarget section */

/* Begin PBXProject section */
		0327CD411A1A00160056EF22 /* Project object */ = {
			isa = PBXProject;
			attributes = {
				LastUpgradeCheck = 0510;
				ORGANIZATIONNAME = "Team Silver";
				TargetAttributes = {
					0327CD691A1A00160056EF22 = {
						TestTargetID = 0327CD481A1A00160056EF22;
					};
				};
			};
			buildConfigurationList = 0327CD441A1A00160056EF22 /* Build configuration list for PBXProject "W-Hotels" */;
			compatibilityVersion = "Xcode 3.2";
			developmentRegion = English;
			hasScannedForEncodings = 0;
			knownRegions = (
				en,
				Base,
			);
			mainGroup = 0327CD401A1A00160056EF22;
			productRefGroup = 0327CD4A1A1A00160056EF22 /* Products */;
			projectDirPath = "";
			projectRoot = "";
			targets = (
				0327CD481A1A00160056EF22 /* W-Hotels */,
				0327CD691A1A00160056EF22 /* W-HotelsTests */,
			);
		};
/* End PBXProject section */

/* Begin PBXResourcesBuildPhase section */
		0327CD471A1A00160056EF22 /* Resources */ = {
			isa = PBXResourcesBuildPhase;
			buildActionMask = 2147483647;
			files = (
				0327CD851A1A00410056EF22 /* WSplashScreenPicture.jpg in Resources */,
				0376A91A1A24782700605EC4 /* DrinksText_DayoftheDead_Condensed.png in Resources */,
				172CD8EA1A22EC5500D18A25 /* WhateverWheneverText.png in Resources */,
				0376A9131A246CFC00605EC4 /* Drinks.png in Resources */,
				0327CD651A1A00160056EF22 /* Images.xcassets in Resources */,
				0376A9111A2468E300605EC4 /* DrinksPicture.jpg in Resources */,
				0376A91D1A2478A100605EC4 /* Rewards-button.png in Resources */,
				172CD8E31A22EAD500D18A25 /* Background-transparent.png in Resources */,
				0376A9151A246EBE00605EC4 /* Line-Space.png in Resources */,
				172CD8E81A22EBD800D18A25 /* Small-W.png in Resources */,
				172CD8E61A22EB6300D18A25 /* What-Whenever.png in Resources */,
				588172C41A1AE04600E865E5 /* W-W-white.png in Resources */,
				588172C31A1AE04600E865E5 /* Induldge-white.png in Resources */,
				172CD8EE1A22F69100D18A25 /* Dine.png in Resources */,
				581CE03A1A1EDEF300BB6162 /* W-W-green.png in Resources */,
				172CD8EC1A22ECB000D18A25 /* Call-W-W-button.png in Resources */,
				588172C21A1AE04600E865E5 /* Go-white.png in Resources */,
				581CE0491A1EE99D00BB6162 /* Drinks-green.png in Resources */,
				0376A91B1A24782700605EC4 /* DrinksText_LivingRoomBar_Condensed.png in Resources */,
				581CE03F1A1EE19C00BB6162 /* Dine-green.png in Resources */,
				0376A91F1A2478B100605EC4 /* Arrow-up-button.png in Resources */,
				0376A9221A24795F00605EC4 /* Arrow-down-button.png in Resources */,
				172CD8E11A22EA9900D18A25 /* WhateverWheneverPicture.jpg in Resources */,
				0327CD571A1A00160056EF22 /* InfoPlist.strings in Resources */,
				0327CD601A1A00160056EF22 /* Main.storyboard in Resources */,
				0376A90C1A243EDD00605EC4 /* Confimation-button.png in Resources */,
				172CD8DB1A22E64E00D18A25 /* DinePicture.jpg in Resources */,
				588172C11A1AE04600E865E5 /* Drinks-white.png in Resources */,
				588172C71A1AE11000E865E5 /* Dine-white.png in Resources */,
				0327CD841A1A00410056EF22 /* W-Center-logo.png in Resources */,
				0376A9171A246F5800605EC4 /* Profile button.png in Resources */,
				581CE04D1A1EEB6E00BB6162 /* Go-green.png in Resources */,
				581CE0451A1EE5F000BB6162 /* Induldge-green.png in Resources */,
				0376A90E1A24423D00605EC4 /* Blank-Text-box.png in Resources */,
			);
			runOnlyForDeploymentPostprocessing = 0;
		};
		0327CD681A1A00160056EF22 /* Resources */ = {
			isa = PBXResourcesBuildPhase;
			buildActionMask = 2147483647;
			files = (
				0327CD761A1A00160056EF22 /* InfoPlist.strings in Resources */,
			);
			runOnlyForDeploymentPostprocessing = 0;
		};
/* End PBXResourcesBuildPhase section */

/* Begin PBXSourcesBuildPhase section */
		0327CD451A1A00160056EF22 /* Sources */ = {
			isa = PBXSourcesBuildPhase;
			buildActionMask = 2147483647;
			files = (
				0327CD631A1A00160056EF22 /* ViewController.m in Sources */,
				0327CD5D1A1A00160056EF22 /* AppDelegate.m in Sources */,
				0376A9091A2438DC00605EC4 /* ProfileViewController.m in Sources */,
				0327CD591A1A00160056EF22 /* main.m in Sources */,
				172CD8DE1A22E9D700D18A25 /* WWController.m in Sources */,
				588172B81A1ADAC300E865E5 /* DrinkController.m in Sources */,
				588172B51A1AD57A00E865E5 /* TabViewController.m in Sources */,
				172CD8D81A22E5C600D18A25 /* DineController.m in Sources */,
			);
			runOnlyForDeploymentPostprocessing = 0;
		};
		0327CD661A1A00160056EF22 /* Sources */ = {
			isa = PBXSourcesBuildPhase;
			buildActionMask = 2147483647;
			files = (
				0327CD781A1A00170056EF22 /* W_HotelsTests.m in Sources */,
			);
			runOnlyForDeploymentPostprocessing = 0;
		};
/* End PBXSourcesBuildPhase section */

/* Begin PBXTargetDependency section */
		0327CD701A1A00160056EF22 /* PBXTargetDependency */ = {
			isa = PBXTargetDependency;
			target = 0327CD481A1A00160056EF22 /* W-Hotels */;
			targetProxy = 0327CD6F1A1A00160056EF22 /* PBXContainerItemProxy */;
		};
/* End PBXTargetDependency section */

/* Begin PBXVariantGroup section */
		0327CD551A1A00160056EF22 /* InfoPlist.strings */ = {
			isa = PBXVariantGroup;
			children = (
				0327CD561A1A00160056EF22 /* en */,
			);
			name = InfoPlist.strings;
			sourceTree = "<group>";
		};
		0327CD5E1A1A00160056EF22 /* Main.storyboard */ = {
			isa = PBXVariantGroup;
			children = (
				0327CD5F1A1A00160056EF22 /* Base */,
			);
			name = Main.storyboard;
			sourceTree = "<group>";
		};
		0327CD741A1A00160056EF22 /* InfoPlist.strings */ = {
			isa = PBXVariantGroup;
			children = (
				0327CD751A1A00160056EF22 /* en */,
			);
			name = InfoPlist.strings;
			sourceTree = "<group>";
		};
/* End PBXVariantGroup section */

/* Begin XCBuildConfiguration section */
		0327CD791A1A00170056EF22 /* Debug */ = {
			isa = XCBuildConfiguration;
			buildSettings = {
				ALWAYS_SEARCH_USER_PATHS = NO;
				CLANG_CXX_LANGUAGE_STANDARD = "gnu++0x";
				CLANG_CXX_LIBRARY = "libc++";
				CLANG_ENABLE_MODULES = YES;
				CLANG_ENABLE_OBJC_ARC = YES;
				CLANG_WARN_BOOL_CONVERSION = YES;
				CLANG_WARN_CONSTANT_CONVERSION = YES;
				CLANG_WARN_DIRECT_OBJC_ISA_USAGE = YES_ERROR;
				CLANG_WARN_EMPTY_BODY = YES;
				CLANG_WARN_ENUM_CONVERSION = YES;
				CLANG_WARN_INT_CONVERSION = YES;
				CLANG_WARN_OBJC_ROOT_CLASS = YES_ERROR;
				CLANG_WARN__DUPLICATE_METHOD_MATCH = YES;
				"CODE_SIGN_IDENTITY[sdk=iphoneos*]" = "iPhone Developer";
				COPY_PHASE_STRIP = NO;
				GCC_C_LANGUAGE_STANDARD = gnu99;
				GCC_DYNAMIC_NO_PIC = NO;
				GCC_OPTIMIZATION_LEVEL = 0;
				GCC_PREPROCESSOR_DEFINITIONS = (
					"DEBUG=1",
					"$(inherited)",
				);
				GCC_SYMBOLS_PRIVATE_EXTERN = NO;
				GCC_WARN_64_TO_32_BIT_CONVERSION = YES;
				GCC_WARN_ABOUT_RETURN_TYPE = YES_ERROR;
				GCC_WARN_UNDECLARED_SELECTOR = YES;
				GCC_WARN_UNINITIALIZED_AUTOS = YES_AGGRESSIVE;
				GCC_WARN_UNUSED_FUNCTION = YES;
				GCC_WARN_UNUSED_VARIABLE = YES;
				IPHONEOS_DEPLOYMENT_TARGET = 7.1;
				ONLY_ACTIVE_ARCH = YES;
				SDKROOT = iphoneos;
			};
			name = Debug;
		};
		0327CD7A1A1A00170056EF22 /* Release */ = {
			isa = XCBuildConfiguration;
			buildSettings = {
				ALWAYS_SEARCH_USER_PATHS = NO;
				CLANG_CXX_LANGUAGE_STANDARD = "gnu++0x";
				CLANG_CXX_LIBRARY = "libc++";
				CLANG_ENABLE_MODULES = YES;
				CLANG_ENABLE_OBJC_ARC = YES;
				CLANG_WARN_BOOL_CONVERSION = YES;
				CLANG_WARN_CONSTANT_CONVERSION = YES;
				CLANG_WARN_DIRECT_OBJC_ISA_USAGE = YES_ERROR;
				CLANG_WARN_EMPTY_BODY = YES;
				CLANG_WARN_ENUM_CONVERSION = YES;
				CLANG_WARN_INT_CONVERSION = YES;
				CLANG_WARN_OBJC_ROOT_CLASS = YES_ERROR;
				CLANG_WARN__DUPLICATE_METHOD_MATCH = YES;
				"CODE_SIGN_IDENTITY[sdk=iphoneos*]" = "iPhone Developer";
				COPY_PHASE_STRIP = YES;
				ENABLE_NS_ASSERTIONS = NO;
				GCC_C_LANGUAGE_STANDARD = gnu99;
				GCC_WARN_64_TO_32_BIT_CONVERSION = YES;
				GCC_WARN_ABOUT_RETURN_TYPE = YES_ERROR;
				GCC_WARN_UNDECLARED_SELECTOR = YES;
				GCC_WARN_UNINITIALIZED_AUTOS = YES_AGGRESSIVE;
				GCC_WARN_UNUSED_FUNCTION = YES;
				GCC_WARN_UNUSED_VARIABLE = YES;
				IPHONEOS_DEPLOYMENT_TARGET = 7.1;
				SDKROOT = iphoneos;
				VALIDATE_PRODUCT = YES;
			};
			name = Release;
		};
		0327CD7C1A1A00170056EF22 /* Debug */ = {
			isa = XCBuildConfiguration;
			buildSettings = {
				ASSETCATALOG_COMPILER_APPICON_NAME = AppIcon;
				ASSETCATALOG_COMPILER_LAUNCHIMAGE_NAME = LaunchImage;
				GCC_PRECOMPILE_PREFIX_HEADER = YES;
				GCC_PREFIX_HEADER = "W-Hotels/W-Hotels-Prefix.pch";
				INFOPLIST_FILE = "W-Hotels/W-Hotels-Info.plist";
				IPHONEOS_DEPLOYMENT_TARGET = 7.0;
				PRODUCT_NAME = "$(TARGET_NAME)";
				WRAPPER_EXTENSION = app;
			};
			name = Debug;
		};
		0327CD7D1A1A00170056EF22 /* Release */ = {
			isa = XCBuildConfiguration;
			buildSettings = {
				ASSETCATALOG_COMPILER_APPICON_NAME = AppIcon;
				ASSETCATALOG_COMPILER_LAUNCHIMAGE_NAME = LaunchImage;
				GCC_PRECOMPILE_PREFIX_HEADER = YES;
				GCC_PREFIX_HEADER = "W-Hotels/W-Hotels-Prefix.pch";
				INFOPLIST_FILE = "W-Hotels/W-Hotels-Info.plist";
				IPHONEOS_DEPLOYMENT_TARGET = 7.0;
				PRODUCT_NAME = "$(TARGET_NAME)";
				WRAPPER_EXTENSION = app;
			};
			name = Release;
		};
		0327CD7F1A1A00170056EF22 /* Debug */ = {
			isa = XCBuildConfiguration;
			buildSettings = {
				BUNDLE_LOADER = "$(BUILT_PRODUCTS_DIR)/W-Hotels.app/W-Hotels";
				FRAMEWORK_SEARCH_PATHS = (
					"$(SDKROOT)/Developer/Library/Frameworks",
					"$(inherited)",
					"$(DEVELOPER_FRAMEWORKS_DIR)",
				);
				GCC_PRECOMPILE_PREFIX_HEADER = YES;
				GCC_PREFIX_HEADER = "W-Hotels/W-Hotels-Prefix.pch";
				GCC_PREPROCESSOR_DEFINITIONS = (
					"DEBUG=1",
					"$(inherited)",
				);
				INFOPLIST_FILE = "W-HotelsTests/W-HotelsTests-Info.plist";
				PRODUCT_NAME = "$(TARGET_NAME)";
				TEST_HOST = "$(BUNDLE_LOADER)";
				WRAPPER_EXTENSION = xctest;
			};
			name = Debug;
		};
		0327CD801A1A00170056EF22 /* Release */ = {
			isa = XCBuildConfiguration;
			buildSettings = {
				BUNDLE_LOADER = "$(BUILT_PRODUCTS_DIR)/W-Hotels.app/W-Hotels";
				FRAMEWORK_SEARCH_PATHS = (
					"$(SDKROOT)/Developer/Library/Frameworks",
					"$(inherited)",
					"$(DEVELOPER_FRAMEWORKS_DIR)",
				);
				GCC_PRECOMPILE_PREFIX_HEADER = YES;
				GCC_PREFIX_HEADER = "W-Hotels/W-Hotels-Prefix.pch";
				INFOPLIST_FILE = "W-HotelsTests/W-HotelsTests-Info.plist";
				PRODUCT_NAME = "$(TARGET_NAME)";
				TEST_HOST = "$(BUNDLE_LOADER)";
				WRAPPER_EXTENSION = xctest;
			};
			name = Release;
		};
/* End XCBuildConfiguration section */

/* Begin XCConfigurationList section */
		0327CD441A1A00160056EF22 /* Build configuration list for PBXProject "W-Hotels" */ = {
			isa = XCConfigurationList;
			buildConfigurations = (
				0327CD791A1A00170056EF22 /* Debug */,
				0327CD7A1A1A00170056EF22 /* Release */,
			);
			defaultConfigurationIsVisible = 0;
			defaultConfigurationName = Release;
		};
		0327CD7B1A1A00170056EF22 /* Build configuration list for PBXNativeTarget "W-Hotels" */ = {
			isa = XCConfigurationList;
			buildConfigurations = (
				0327CD7C1A1A00170056EF22 /* Debug */,
				0327CD7D1A1A00170056EF22 /* Release */,
			);
			defaultConfigurationIsVisible = 0;
			defaultConfigurationName = Release;
		};
		0327CD7E1A1A00170056EF22 /* Build configuration list for PBXNativeTarget "W-HotelsTests" */ = {
			isa = XCConfigurationList;
			buildConfigurations = (
				0327CD7F1A1A00170056EF22 /* Debug */,
				0327CD801A1A00170056EF22 /* Release */,
			);
			defaultConfigurationIsVisible = 0;
			defaultConfigurationName = Release;
		};
/* End XCConfigurationList section */
	};
	rootObject = 0327CD411A1A00160056EF22 /* Project object */;
}
